<Solution>
  <Project Path="punto1/punto1.csproj" Id="969f2561-159e-4602-bd8d-aef263e9e8f0" />
  <Project Path="punto2/punto2.csproj" Id="ea1e942a-04b8-4049-bf8f-9a4bbf0690d5" />
  <Project Path="punto3/punto3.csproj" Id="fe4ee168-20cf-4b9f-bb39-beeaa9466e25" />
  <Project Path="punto4/punto4.csproj" Id="6534d634-8d1e-45df-9bcd-64159df09e93" />
</Solution>
