<Solution>
  <Project Path="punto1/punto1.csproj" Id="aa59753b-9470-406e-b47b-3427c5fc6aef" />
  <Project Path="punto2/punto2.csproj" Id="d2431d5a-f2f8-4fe9-8842-d3fab79d4577" />
  <Project Path="punto3/punto3.csproj" Id="c6f73c46-a3d8-4a62-a04e-68f69cccfe47" />
  <Project Path="punto4/punto4.csproj" Id="9b297430-3a7b-4f77-9913-9e50f33f56c2" />
</Solution>
