<Solution>
  <Project Path="punto1/punto1.csproj" Id="7fdad547-f0b8-42a9-af38-940897a80115" />
  <Project Path="punto2/punto2.csproj" Id="8acffd44-285b-44db-805b-65904e5047d1" />
  <Project Path="punto3/punto3.csproj" Id="889f8d6d-564b-40e0-a2a6-3d90a6586022" />
  <Project Path="punto4/punto4.csproj" Id="dd9faad2-368f-4ce9-8a99-ebb29e30da51" />
</Solution>
