<Solution>
  <Project Path="punto1/punto1.csproj" Id="1d36f84e-d7e9-4946-9d21-cca744ca484e" />
  <Project Path="punto2/punto2.csproj" Id="8d8d5126-b59e-4fe8-8fe8-bb5e68434449" />
  <Project Path="punto3/punto3.csproj" Id="b237fc94-6a19-4152-ad5e-5123444da6a2" />
  <Project Path="punto4/punto4.csproj" Id="3eaad40a-5b9e-40fa-b874-b288269ec175" />
</Solution>
