<Solution>
  <Project Path="punto1/punto1.csproj" Id="0892d93f-b2bf-4466-a4e0-22d986be7de1" />
  <Project Path="punto2/punto2.csproj" Id="6919f753-b663-408f-889d-b1c631530d03" />
  <Project Path="punto3/punto3.csproj" Id="c2c9bb5d-c418-4aaa-a833-504f76b5edf0" />
  <Project Path="punto4/punto4.csproj" Id="426baefe-44b7-4de1-980d-22a4dd1f426d" />
  <Project Path="punto5/punto5.csproj" Id="b4a74b66-8133-45cd-b707-4730743a6f82" />
</Solution>
